schema: '2.0'
stages:
  data_visualization:
    cmd: python src/data_visualization.py
    deps:
    - path: data/raw/datos_creditos.csv
      hash: md5
      md5: 3b26edd22e8827f890d7cd32efe475b7
      size: 663047
    - path: data/raw/datos_tarjetas.csv
      hash: md5
      md5: 9e197c893925601cd447c81256e8cf07
      size: 845190
    - path: src/data_visualization.py
      hash: md5
      md5: 466bd59fe55c3d3f455ed480e3fd0685
      size: 7896
    outs:
    - path: docs/output/01_distribucion_variable_objetivo.png
      hash: md5
      md5: 67756189b28c9ffdb1cc46a631ab7b04
      size: 36793
    - path: docs/output/02_creditos_distribucion_objetivo_credito.png
      hash: md5
      md5: aefd16e9c7ac674d219e4282990e6332
      size: 37262
    - path: docs/output/02_creditos_distribucion_situacion_vivienda.png
      hash: md5
      md5: e5b444ae9984c8bc287b65ff3923077d
      size: 29745
    - path: docs/output/03_tarjetas_distribucion_estado_civil.png
      hash: md5
      md5: 81e572b517149b1bb29228504d3842d1
      size: 30534
    - path: docs/output/03_tarjetas_distribucion_estado_cliente.png
      hash: md5
      md5: d0fd83590a4631bbf180021c1e2a12eb
      size: 26199
    - path: docs/output/03_tarjetas_distribucion_genero.png
      hash: md5
      md5: 5e326d6aa6a385229cf6004bb7a2db87
      size: 18325
    - path: docs/output/03_tarjetas_distribucion_nivel_educativo.png
      hash: md5
      md5: a6adb2af4f8b74750ffbfeb88b158bf5
      size: 46889
    - path: docs/output/03_tarjetas_distribucion_nivel_tarjeta.png
      hash: md5
      md5: 1a6239a9eac33ceeb52135f72b14b323
      size: 23823
    - path: docs/output/04_correlaciones_creditos.png
      hash: md5
      md5: 178e9aafd44b3184a4a06bbf0e3fa1f7
      size: 155704
    - path: docs/output/05_correlaciones_tarjetas.png
      hash: md5
      md5: 437e3b6dfda37713e34cd4e0a47c4622
      size: 104206
  data_profile:
    cmd: python src/data_profile.py
    deps:
    - path: data/raw/datos_creditos.csv
      hash: md5
      md5: 3b26edd22e8827f890d7cd32efe475b7
      size: 663047
    - path: data/raw/datos_tarjetas.csv
      hash: md5
      md5: 9e197c893925601cd447c81256e8cf07
      size: 845190
    - path: src/data_profile.py
      hash: md5
      md5: 63d748f297707bbbd8a68ae1840da93c
      size: 1357
    outs:
    - path: docs/output/reporte_verificacion_creditos.html
      hash: md5
      md5: 3f41a1680d08584b59c0a6419338db3a
      size: 3824610
    - path: docs/output/reporte_verificacion_tarjetas.html
      hash: md5
      md5: f32659223e3d041626a17ceb595fcfb0
      size: 3049169
  data_quality_pandera:
    cmd: pytest --html=docs/output/reporte_calidad_datos_basico.html 
      --self-contained-html test/test_data_quality.py -v || exit /b 0
    deps:
    - path: data/raw/datos_creditos.csv
      hash: md5
      md5: 3b26edd22e8827f890d7cd32efe475b7
      size: 663047
    - path: data/raw/datos_tarjetas.csv
      hash: md5
      md5: 9e197c893925601cd447c81256e8cf07
      size: 845190
    - path: test/test_data_quality.py
      hash: md5
      md5: 701f16e07ac3b4f5491b1f48df22bb2c
      size: 11002
    outs:
    - path: docs/output/reporte_calidad_datos_basico.html
      hash: md5
      md5: 3c982f7fc256111ef88c1377322ab5e3
      size: 50043
  data_quality_ge:
    cmd: pytest --html=docs/output/reporte_calidad_datos_ge.html 
      --self-contained-html test/test_data_quality_ge.py -v || exit /b 0
    deps:
    - path: data/raw/datos_creditos.csv
      hash: md5
      md5: 3b26edd22e8827f890d7cd32efe475b7
      size: 663047
    - path: data/raw/datos_tarjetas.csv
      hash: md5
      md5: 9e197c893925601cd447c81256e8cf07
      size: 845190
    - path: test/test_data_quality_ge.py
      hash: md5
      md5: 76f62df9d1591f088c4a00fb7df55fe7
      size: 6101
    outs:
    - path: docs/output/reporte_calidad_datos_ge.html
      hash: md5
      md5: b0e2e1010c904ffac3dc4232221ed572
      size: 42638
  data_processing:
    cmd: python src/data_processing.py
    deps:
    - path: data/raw/datos_creditos.csv
      hash: md5
      md5: 3b26edd22e8827f890d7cd32efe475b7
      size: 663047
    - path: data/raw/datos_tarjetas.csv
      hash: md5
      md5: 9e197c893925601cd447c81256e8cf07
      size: 845190
    - path: src/data_processing.py
      hash: md5
      md5: bc4593e6b812f41f97faa8f53b3f4661
      size: 10102
    outs:
    - path: data/processed/datos_integrados.csv
      hash: md5
      md5: 33cbc8fa4df44fb83af4f69d90ec9bfc
      size: 1990497
    - path: docs/output/reporte_verificacion_integracion.html
      hash: md5
      md5: 0dbb5f34953d233d7c8d757f8dc8ea54
      size: 9725845
  train_model:
    cmd: python src/train_model.py
    deps:
    - path: data/processed/datos_integrados.csv
      hash: md5
      md5: 33cbc8fa4df44fb83af4f69d90ec9bfc
      size: 1990497
    - path: src/train_model.py
      hash: md5
      md5: 06e4288ab43b97e6840feab5bd0be3b5
      size: 10382
    outs:
    - path: docs/training_output/confusion_matrix.png
      hash: md5
      md5: cacc29383ca29351a18a62ed01a83b59
      size: 17264
    - path: metrics/train_metrics.json
      hash: md5
      md5: a022d089ee3d5d85e5f000ce641e1cd9
      size: 194
    - path: models/prod_model.pkl
      hash: md5
      md5: 8ee823084f94e29f9442e6616729e886
      size: 918126
    - path: models/prod_preprocessor.pkl
      hash: md5
      md5: 02191735cff333d0cb6cdcf5d5692f5b
      size: 5247
  test_model:
    cmd: pytest --html=docs/output/reporte_test_modelo.html 
      --self-contained-html test/test_train.py -v || exit /b 0
    deps:
    - path: data/processed/datos_integrados.csv
      hash: md5
      md5: 33cbc8fa4df44fb83af4f69d90ec9bfc
      size: 1990497
    - path: test/test_train.py
      hash: md5
      md5: 9bbe616d861075beb71c20397218d3e4
      size: 1455
    outs:
    - path: docs/output/reporte_test_modelo.html
      hash: md5
      md5: 54d65cc861ee25ca78a02ce234b1425e
      size: 36490
